
Microsoft Visual Studio Solution File, Format Version 12.00
# Visual Studio Version 16
VisualStudioVersion = 16.0.29613.14
MinimumVisualStudioVersion = 10.0.40219.1
Project("{FAE04EC0-301F-11D3-BF4B-00C04F79EFBC}") = "LYF Kyosk", "LYF Kyosk\LYF Kyosk.csproj", "{70DA8FAB-ABDB-4447-9C64-C986C4679BDC}"
EndProject
Global
	GlobalSection(SolutionConfigurationPlatforms) = preSolution
		Debug|Any CPU = Debug|Any CPU
		Release|Any CPU = Release|Any CPU
	EndGlobalSection
	GlobalSection(ProjectConfigurationPlatforms) = postSolution
		{70DA8FAB-ABDB-4447-9C64-C986C4679BDC}.Debug|Any CPU.ActiveCfg = Debug|Any CPU
		{70DA8FAB-ABDB-4447-9C64-C986C4679BDC}.Debug|Any CPU.Build.0 = Debug|Any CPU
		{70DA8FAB-ABDB-4447-9C64-C986C4679BDC}.Release|Any CPU.ActiveCfg = Release|Any CPU
		{70DA8FAB-ABDB-4447-9C64-C986C4679BDC}.Release|Any CPU.Build.0 = Release|Any CPU
	EndGlobalSection
	GlobalSection(SolutionProperties) = preSolution
		HideSolutionNode = FALSE
	EndGlobalSection
	GlobalSection(ExtensibilityGlobals) = postSolution
		SolutionGuid = {879E84B9-AEA4-4088-BC27-B9ACF4B07774}
	EndGlobalSection
EndGlobal
